
Microsoft Visual Studio Solution File, Format Version 12.00
# Visual Studio Version 17
VisualStudioVersion = 17.13.35806.99 d17.13
MinimumVisualStudioVersion = 10.0.40219.1
Project("{FAE04EC0-301F-11D3-BF4B-00C04F79EFBC}") = "COMP003A.FinalProject", "COMP003A.FinalProject.csproj", "{FDF1CE04-98DF-42C5-A56E-7F151711B710}"
EndProject
Global
	GlobalSection(SolutionConfigurationPlatforms) = preSolution
		Debug|Any CPU = Debug|Any CPU
		Release|Any CPU = Release|Any CPU
	EndGlobalSection
	GlobalSection(ProjectConfigurationPlatforms) = postSolution
		{FDF1CE04-98DF-42C5-A56E-7F151711B710}.Debug|Any CPU.ActiveCfg = Debug|Any CPU
		{FDF1CE04-98DF-42C5-A56E-7F151711B710}.Debug|Any CPU.Build.0 = Debug|Any CPU
		{FDF1CE04-98DF-42C5-A56E-7F151711B710}.Release|Any CPU.ActiveCfg = Release|Any CPU
		{FDF1CE04-98DF-42C5-A56E-7F151711B710}.Release|Any CPU.Build.0 = Release|Any CPU
	EndGlobalSection
	GlobalSection(SolutionProperties) = preSolution
		HideSolutionNode = FALSE
	EndGlobalSection
	GlobalSection(ExtensibilityGlobals) = postSolution
		SolutionGuid = {0C303A17-3201-4FAF-823C-953213EE00B2}
	EndGlobalSection
EndGlobal
